// !$*UTF8*$!
{
	archiveVersion = 1;
	classes = {
	};
	objectVersion = 50;
	objects = {

/* Begin PBXBuildFile section */
		644EE90422847A7200AC499A /* AppDelegate.swift in Sources */ = {isa = PBXBuildFile; fileRef = 644EE90322847A7200AC499A /* AppDelegate.swift */; };
		644EE90622847A7200AC499A /* ViewController.swift in Sources */ = {isa = PBXBuildFile; fileRef = 644EE90522847A7200AC499A /* ViewController.swift */; };
		644EE90922847A7200AC499A /* Main.storyboard in Resources */ = {isa = PBXBuildFile; fileRef = 644EE90722847A7200AC499A /* Main.storyboard */; };
		644EE90B22847A7300AC499A /* Assets.xcassets in Resources */ = {isa = PBXBuildFile; fileRef = 644EE90A22847A7300AC499A /* Assets.xcassets */; };
		644EE90E22847A7300AC499A /* LaunchScreen.storyboard in Resources */ = {isa = PBXBuildFile; fileRef = 644EE90C22847A7300AC499A /* LaunchScreen.storyboard */; };
		644EE91622847BDF00AC499A /* FormItem.swift in Sources */ = {isa = PBXBuildFile; fileRef = 644EE91522847BDF00AC499A /* FormItem.swift */; };
		644EE91822847BFF00AC499A /* TestFormItemA.swift in Sources */ = {isa = PBXBuildFile; fileRef = 644EE91722847BFF00AC499A /* TestFormItemA.swift */; };
		644EE91A22847C6D00AC499A /* TestFormItemATableViewCell.swift in Sources */ = {isa = PBXBuildFile; fileRef = 644EE91922847C6D00AC499A /* TestFormItemATableViewCell.swift */; };
		644EE91C22847C9000AC499A /* BaseFormItemTableViewCell.swift in Sources */ = {isa = PBXBuildFile; fileRef = 644EE91B22847C9000AC499A /* BaseFormItemTableViewCell.swift */; };
		644EE91E22847CB400AC499A /* ListItem.swift in Sources */ = {isa = PBXBuildFile; fileRef = 644EE91D22847CB400AC499A /* ListItem.swift */; };
		644EE92022847D5F00AC499A /* TestTableViewController.swift in Sources */ = {isa = PBXBuildFile; fileRef = 644EE91F22847D5F00AC499A /* TestTableViewController.swift */; };
/* End PBXBuildFile section */

/* Begin PBXFileReference section */
		644EE90022847A7200AC499A /* TestingResuableTableViews.app */ = {isa = PBXFileReference; explicitFileType = wrapper.application; includeInIndex = 0; path = TestingResuableTableViews.app; sourceTree = BUILT_PRODUCTS_DIR; };
		644EE90322847A7200AC499A /* AppDelegate.swift */ = {isa = PBXFileReference; lastKnownFileType = sourcecode.swift; path = AppDelegate.swift; sourceTree = "<group>"; };
		644EE90522847A7200AC499A /* ViewController.swift */ = {isa = PBXFileReference; lastKnownFileType = sourcecode.swift; path = ViewController.swift; sourceTree = "<group>"; };
		644EE90822847A7200AC499A /* Base */ = {isa = PBXFileReference; lastKnownFileType = file.storyboard; name = Base; path = Base.lproj/Main.storyboard; sourceTree = "<group>"; };
		644EE90A22847A7300AC499A /* Assets.xcassets */ = {isa = PBXFileReference; lastKnownFileType = folder.assetcatalog; path = Assets.xcassets; sourceTree = "<group>"; };
		644EE90D22847A7300AC499A /* Base */ = {isa = PBXFileReference; lastKnownFileType = file.storyboard; name = Base; path = Base.lproj/LaunchScreen.storyboard; sourceTree = "<group>"; };
		644EE90F22847A7300AC499A /* Info.plist */ = {isa = PBXFileReference; lastKnownFileType = text.plist.xml; path = Info.plist; sourceTree = "<group>"; };
		644EE91522847BDF00AC499A /* FormItem.swift */ = {isa = PBXFileReference; lastKnownFileType = sourcecode.swift; path = FormItem.swift; sourceTree = "<group>"; };
		644EE91722847BFF00AC499A /* TestFormItemA.swift */ = {isa = PBXFileReference; lastKnownFileType = sourcecode.swift; path = TestFormItemA.swift; sourceTree = "<group>"; };
		644EE91922847C6D00AC499A /* TestFormItemATableViewCell.swift */ = {isa = PBXFileReference; lastKnownFileType = sourcecode.swift; path = TestFormItemATableViewCell.swift; sourceTree = "<group>"; };
		644EE91B22847C9000AC499A /* BaseFormItemTableViewCell.swift */ = {isa = PBXFileReference; lastKnownFileType = sourcecode.swift; path = BaseFormItemTableViewCell.swift; sourceTree = "<group>"; };
		644EE91D22847CB400AC499A /* ListItem.swift */ = {isa = PBXFileReference; lastKnownFileType = sourcecode.swift; path = ListItem.swift; sourceTree = "<group>"; };
		644EE91F22847D5F00AC499A /* TestTableViewController.swift */ = {isa = PBXFileReference; lastKnownFileType = sourcecode.swift; path = TestTableViewController.swift; sourceTree = "<group>"; };
/* End PBXFileReference section */

/* Begin PBXFrameworksBuildPhase section */
		644EE8FD22847A7200AC499A /* Frameworks */ = {
			isa = PBXFrameworksBuildPhase;
			buildActionMask = 2147483647;
			files = (
			);
			runOnlyForDeploymentPostprocessing = 0;
		};
/* End PBXFrameworksBuildPhase section */

/* Begin PBXGroup section */
		644EE8F722847A7200AC499A = {
			isa = PBXGroup;
			children = (
				644EE90222847A7200AC499A /* TestingResuableTableViews */,
				644EE90122847A7200AC499A /* Products */,
			);
			sourceTree = "<group>";
		};
		644EE90122847A7200AC499A /* Products */ = {
			isa = PBXGroup;
			children = (
				644EE90022847A7200AC499A /* TestingResuableTableViews.app */,
			);
			name = Products;
			sourceTree = "<group>";
		};
		644EE90222847A7200AC499A /* TestingResuableTableViews */ = {
			isa = PBXGroup;
			children = (
				644EE90322847A7200AC499A /* AppDelegate.swift */,
				644EE90522847A7200AC499A /* ViewController.swift */,
				644EE90722847A7200AC499A /* Main.storyboard */,
				644EE90A22847A7300AC499A /* Assets.xcassets */,
				644EE90C22847A7300AC499A /* LaunchScreen.storyboard */,
				644EE90F22847A7300AC499A /* Info.plist */,
				644EE91522847BDF00AC499A /* FormItem.swift */,
				644EE91722847BFF00AC499A /* TestFormItemA.swift */,
				644EE91922847C6D00AC499A /* TestFormItemATableViewCell.swift */,
				644EE91F22847D5F00AC499A /* TestTableViewController.swift */,
				644EE91B22847C9000AC499A /* BaseFormItemTableViewCell.swift */,
				644EE91D22847CB400AC499A /* ListItem.swift */,
			);
			path = TestingResuableTableViews;
			sourceTree = "<group>";
		};
/* End PBXGroup section */

/* Begin PBXNativeTarget section */
		644EE8FF22847A7200AC499A /* TestingResuableTableViews */ = {
			isa = PBXNativeTarget;
			buildConfigurationList = 644EE91222847A7300AC499A /* Build configuration list for PBXNativeTarget "TestingResuableTableViews" */;
			buildPhases = (
				644EE8FC22847A7200AC499A /* Sources */,
				644EE8FD22847A7200AC499A /* Frameworks */,
				644EE8FE22847A7200AC499A /* Resources */,
			);
			buildRules = (
			);
			dependencies = (
			);
			name = TestingResuableTableViews;
			productName = TestingResuableTableViews;
			productReference = 644EE90022847A7200AC499A /* TestingResuableTableViews.app */;
			productType = "com.apple.product-type.application";
		};
/* End PBXNativeTarget section */

/* Begin PBXProject section */
		644EE8F822847A7200AC499A /* Project object */ = {
			isa = PBXProject;
			attributes = {
				LastSwiftUpdateCheck = 1010;
				LastUpgradeCheck = 1010;
				ORGANIZATIONNAME = "Degree 53 Limited";
				TargetAttributes = {
					644EE8FF22847A7200AC499A = {
						CreatedOnToolsVersion = 10.1;
					};
				};
			};
			buildConfigurationList = 644EE8FB22847A7200AC499A /* Build configuration list for PBXProject "TestingResuableTableViews" */;
			compatibilityVersion = "Xcode 9.3";
			developmentRegion = en;
			hasScannedForEncodings = 0;
			knownRegions = (
				en,
				Base,
			);
			mainGroup = 644EE8F722847A7200AC499A;
			productRefGroup = 644EE90122847A7200AC499A /* Products */;
			projectDirPath = "";
			projectRoot = "";
			targets = (
				644EE8FF22847A7200AC499A /* TestingResuableTableViews */,
			);
		};
/* End PBXProject section */

/* Begin PBXResourcesBuildPhase section */
		644EE8FE22847A7200AC499A /* Resources */ = {
			isa = PBXResourcesBuildPhase;
			buildActionMask = 2147483647;
			files = (
				644EE90E22847A7300AC499A /* LaunchScreen.storyboard in Resources */,
				644EE90B22847A7300AC499A /* Assets.xcassets in Resources */,
				644EE90922847A7200AC499A /* Main.storyboard in Resources */,
			);
			runOnlyForDeploymentPostprocessing = 0;
		};
/* End PBXResourcesBuildPhase section */

/* Begin PBXSourcesBuildPhase section */
		644EE8FC22847A7200AC499A /* Sources */ = {
			isa = PBXSourcesBuildPhase;
			buildActionMask = 2147483647;
			files = (
				644EE90622847A7200AC499A /* ViewController.swift in Sources */,
				644EE91E22847CB400AC499A /* ListItem.swift in Sources */,
				644EE91A22847C6D00AC499A /* TestFormItemATableViewCell.swift in Sources */,
				644EE91622847BDF00AC499A /* FormItem.swift in Sources */,
				644EE91C22847C9000AC499A /* BaseFormItemTableViewCell.swift in Sources */,
				644EE91822847BFF00AC499A /* TestFormItemA.swift in Sources */,
				644EE90422847A7200AC499A /* AppDelegate.swift in Sources */,
				644EE92022847D5F00AC499A /* TestTableViewController.swift in Sources */,
			);
			runOnlyForDeploymentPostprocessing = 0;
		};
/* End PBXSourcesBuildPhase section */

/* Begin PBXVariantGroup section */
		644EE90722847A7200AC499A /* Main.storyboard */ = {
			isa = PBXVariantGroup;
			children = (
				644EE90822847A7200AC499A /* Base */,
			);
			name = Main.storyboard;
			sourceTree = "<group>";
		};
		644EE90C22847A7300AC499A /* LaunchScreen.storyboard */ = {
			isa = PBXVariantGroup;
			children = (
				644EE90D22847A7300AC499A /* Base */,
			);
			name = LaunchScreen.storyboard;
			sourceTree = "<group>";
		};
/* End PBXVariantGroup section */

/* Begin XCBuildConfiguration section */
		644EE91022847A7300AC499A /* Debug */ = {
			isa = XCBuildConfiguration;
			buildSettings = {
				ALWAYS_SEARCH_USER_PATHS = NO;
				CLANG_ANALYZER_NONNULL = YES;
				CLANG_ANALYZER_NUMBER_OBJECT_CONVERSION = YES_AGGRESSIVE;
				CLANG_CXX_LANGUAGE_STANDARD = "gnu++14";
				CLANG_CXX_LIBRARY = "libc++";
				CLANG_ENABLE_MODULES = YES;
				CLANG_ENABLE_OBJC_ARC = YES;
				CLANG_ENABLE_OBJC_WEAK = YES;
				CLANG_WARN_BLOCK_CAPTURE_AUTORELEASING = YES;
				CLANG_WARN_BOOL_CONVERSION = YES;
				CLANG_WARN_COMMA = YES;
				CLANG_WARN_CONSTANT_CONVERSION = YES;
				CLANG_WARN_DEPRECATED_OBJC_IMPLEMENTATIONS = YES;
				CLANG_WARN_DIRECT_OBJC_ISA_USAGE = YES_ERROR;
				CLANG_WARN_DOCUMENTATION_COMMENTS = YES;
				CLANG_WARN_EMPTY_BODY = YES;
				CLANG_WARN_ENUM_CONVERSION = YES;
				CLANG_WARN_INFINITE_RECURSION = YES;
				CLANG_WARN_INT_CONVERSION = YES;
				CLANG_WARN_NON_LITERAL_NULL_CONVERSION = YES;
				CLANG_WARN_OBJC_IMPLICIT_RETAIN_SELF = YES;
				CLANG_WARN_OBJC_LITERAL_CONVERSION = YES;
				CLANG_WARN_OBJC_ROOT_CLASS = YES_ERROR;
				CLANG_WARN_RANGE_LOOP_ANALYSIS = YES;
				CLANG_WARN_STRICT_PROTOTYPES = YES;
				CLANG_WARN_SUSPICIOUS_MOVE = YES;
				CLANG_WARN_UNGUARDED_AVAILABILITY = YES_AGGRESSIVE;
				CLANG_WARN_UNREACHABLE_CODE = YES;
				CLANG_WARN__DUPLICATE_METHOD_MATCH = YES;
				CODE_SIGN_IDENTITY = "iPhone Developer";
				COPY_PHASE_STRIP = NO;
				DEBUG_INFORMATION_FORMAT = dwarf;
				ENABLE_STRICT_OBJC_MSGSEND = YES;
				ENABLE_TESTABILITY = YES;
				GCC_C_LANGUAGE_STANDARD = gnu11;
				GCC_DYNAMIC_NO_PIC = NO;
				GCC_NO_COMMON_BLOCKS = YES;
				GCC_OPTIMIZATION_LEVEL = 0;
				GCC_PREPROCESSOR_DEFINITIONS = (
					"DEBUG=1",
					"$(inherited)",
				);
				GCC_WARN_64_TO_32_BIT_CONVERSION = YES;
				GCC_WARN_ABOUT_RETURN_TYPE = YES_ERROR;
				GCC_WARN_UNDECLARED_SELECTOR = YES;
				GCC_WARN_UNINITIALIZED_AUTOS = YES_AGGRESSIVE;
				GCC_WARN_UNUSED_FUNCTION = YES;
				GCC_WARN_UNUSED_VARIABLE = YES;
				IPHONEOS_DEPLOYMENT_TARGET = 12.1;
				MTL_ENABLE_DEBUG_INFO = INCLUDE_SOURCE;
				MTL_FAST_MATH = YES;
				ONLY_ACTIVE_ARCH = YES;
				SDKROOT = iphoneos;
				SWIFT_ACTIVE_COMPILATION_CONDITIONS = DEBUG;
				SWIFT_OPTIMIZATION_LEVEL = "-Onone";
			};
			name = Debug;
		};
		644EE91122847A7300AC499A /* Release */ = {
			isa = XCBuildConfiguration;
			buildSettings = {
				ALWAYS_SEARCH_USER_PATHS = NO;
				CLANG_ANALYZER_NONNULL = YES;
				CLANG_ANALYZER_NUMBER_OBJECT_CONVERSION = YES_AGGRESSIVE;
				CLANG_CXX_LANGUAGE_STANDARD = "gnu++14";
				CLANG_CXX_LIBRARY = "libc++";
				CLANG_ENABLE_MODULES = YES;
				CLANG_ENABLE_OBJC_ARC = YES;
				CLANG_ENABLE_OBJC_WEAK = YES;
				CLANG_WARN_BLOCK_CAPTURE_AUTORELEASING = YES;
				CLANG_WARN_BOOL_CONVERSION = YES;
				CLANG_WARN_COMMA = YES;
				CLANG_WARN_CONSTANT_CONVERSION = YES;
				CLANG_WARN_DEPRECATED_OBJC_IMPLEMENTATIONS = YES;
				CLANG_WARN_DIRECT_OBJC_ISA_USAGE = YES_ERROR;
				CLANG_WARN_DOCUMENTATION_COMMENTS = YES;
				CLANG_WARN_EMPTY_BODY = YES;
				CLANG_WARN_ENUM_CONVERSION = YES;
				CLANG_WARN_INFINITE_RECURSION = YES;
				CLANG_WARN_INT_CONVERSION = YES;
				CLANG_WARN_NON_LITERAL_NULL_CONVERSION = YES;
				CLANG_WARN_OBJC_IMPLICIT_RETAIN_SELF = YES;
				CLANG_WARN_OBJC_LITERAL_CONVERSION = YES;
				CLANG_WARN_OBJC_ROOT_CLASS = YES_ERROR;
				CLANG_WARN_RANGE_LOOP_ANALYSIS = YES;
				CLANG_WARN_STRICT_PROTOTYPES = YES;
				CLANG_WARN_SUSPICIOUS_MOVE = YES;
				CLANG_WARN_UNGUARDED_AVAILABILITY = YES_AGGRESSIVE;
				CLANG_WARN_UNREACHABLE_CODE = YES;
				CLANG_WARN__DUPLICATE_METHOD_MATCH = YES;
				CODE_SIGN_IDENTITY = "iPhone Developer";
				COPY_PHASE_STRIP = NO;
				DEBUG_INFORMATION_FORMAT = "dwarf-with-dsym";
				ENABLE_NS_ASSERTIONS = NO;
				ENABLE_STRICT_OBJC_MSGSEND = YES;
				GCC_C_LANGUAGE_STANDARD = gnu11;
				GCC_NO_COMMON_BLOCKS = YES;
				GCC_WARN_64_TO_32_BIT_CONVERSION = YES;
				GCC_WARN_ABOUT_RETURN_TYPE = YES_ERROR;
				GCC_WARN_UNDECLARED_SELECTOR = YES;
				GCC_WARN_UNINITIALIZED_AUTOS = YES_AGGRESSIVE;
				GCC_WARN_UNUSED_FUNCTION = YES;
				GCC_WARN_UNUSED_VARIABLE = YES;
				IPHONEOS_DEPLOYMENT_TARGET = 12.1;
				MTL_ENABLE_DEBUG_INFO = NO;
				MTL_FAST_MATH = YES;
				SDKROOT = iphoneos;
				SWIFT_COMPILATION_MODE = wholemodule;
				SWIFT_OPTIMIZATION_LEVEL = "-O";
				VALIDATE_PRODUCT = YES;
			};
			name = Release;
		};
		644EE91322847A7300AC499A /* Debug */ = {
			isa = XCBuildConfiguration;
			buildSettings = {
				ASSETCATALOG_COMPILER_APPICON_NAME = AppIcon;
				CODE_SIGN_STYLE = Automatic;
				DEVELOPMENT_TEAM = YHVXQV27R7;
				INFOPLIST_FILE = TestingResuableTableViews/Info.plist;
				LD_RUNPATH_SEARCH_PATHS = (
					"$(inherited)",
					"@executable_path/Frameworks",
				);
				PRODUCT_BUNDLE_IDENTIFIER = com.degree53.TestingResuableTableViews;
				PRODUCT_NAME = "$(TARGET_NAME)";
				SWIFT_VERSION = 4.2;
				TARGETED_DEVICE_FAMILY = "1,2";
			};
			name = Debug;
		};
		644EE91422847A7300AC499A /* Release */ = {
			isa = XCBuildConfiguration;
			buildSettings = {
				ASSETCATALOG_COMPILER_APPICON_NAME = AppIcon;
				CODE_SIGN_STYLE = Automatic;
				DEVELOPMENT_TEAM = YHVXQV27R7;
				INFOPLIST_FILE = TestingResuableTableViews/Info.plist;
				LD_RUNPATH_SEARCH_PATHS = (
					"$(inherited)",
					"@executable_path/Frameworks",
				);
				PRODUCT_BUNDLE_IDENTIFIER = com.degree53.TestingResuableTableViews;
				PRODUCT_NAME = "$(TARGET_NAME)";
				SWIFT_VERSION = 4.2;
				TARGETED_DEVICE_FAMILY = "1,2";
			};
			name = Release;
		};
/* End XCBuildConfiguration section */

/* Begin XCConfigurationList section */
		644EE8FB22847A7200AC499A /* Build configuration list for PBXProject "TestingResuableTableViews" */ = {
			isa = XCConfigurationList;
			buildConfigurations = (
				644EE91022847A7300AC499A /* Debug */,
				644EE91122847A7300AC499A /* Release */,
			);
			defaultConfigurationIsVisible = 0;
			defaultConfigurationName = Release;
		};
		644EE91222847A7300AC499A /* Build configuration list for PBXNativeTarget "TestingResuableTableViews" */ = {
			isa = XCConfigurationList;
			buildConfigurations = (
				644EE91322847A7300AC499A /* Debug */,
				644EE91422847A7300AC499A /* Release */,
			);
			defaultConfigurationIsVisible = 0;
			defaultConfigurationName = Release;
		};
/* End XCConfigurationList section */
	};
	rootObject = 644EE8F822847A7200AC499A /* Project object */;
}
